// !$*UTF8*$!
{
	archiveVersion = 1;
	classes = {
	};
	objectVersion = 50;
	objects = {

/* Begin PBXBuildFile section */
		3CC3B16421F7303500582D32 /* AppDelegate.swift in Sources */ = {isa = PBXBuildFile; fileRef = 3CC3B16321F7303500582D32 /* AppDelegate.swift */; };
		3CC3B16921F7303500582D32 /* Main.storyboard in Resources */ = {isa = PBXBuildFile; fileRef = 3CC3B16721F7303500582D32 /* Main.storyboard */; };
		3CC3B16B21F7303600582D32 /* Assets.xcassets in Resources */ = {isa = PBXBuildFile; fileRef = 3CC3B16A21F7303600582D32 /* Assets.xcassets */; };
		3CC3B16E21F7303600582D32 /* LaunchScreen.storyboard in Resources */ = {isa = PBXBuildFile; fileRef = 3CC3B16C21F7303600582D32 /* LaunchScreen.storyboard */; };
		3CC3B17621F7327500582D32 /* LogiinViewController.swift in Sources */ = {isa = PBXBuildFile; fileRef = 3CC3B17521F7327500582D32 /* LogiinViewController.swift */; };
		3CC3B17921F74DF200582D32 /* FriendsViewController.swift in Sources */ = {isa = PBXBuildFile; fileRef = 3CC3B17821F74DF200582D32 /* FriendsViewController.swift */; };
		3CC3B17B21F74E0C00582D32 /* FriendsCell.swift in Sources */ = {isa = PBXBuildFile; fileRef = 3CC3B17A21F74E0C00582D32 /* FriendsCell.swift */; };
		3CC3B17E21F781BE00582D32 /* FriendsPhotosViewController.swift in Sources */ = {isa = PBXBuildFile; fileRef = 3CC3B17D21F781BE00582D32 /* FriendsPhotosViewController.swift */; };
		3CC3B18021F781D800582D32 /* FriendsPhotoCell.swift in Sources */ = {isa = PBXBuildFile; fileRef = 3CC3B17F21F781D800582D32 /* FriendsPhotoCell.swift */; };
		3CC3B18321F7854E00582D32 /* UserGroupsViewController.swift in Sources */ = {isa = PBXBuildFile; fileRef = 3CC3B18221F7854E00582D32 /* UserGroupsViewController.swift */; };
		3CC3B18521F7857100582D32 /* UserGroupCell.swift in Sources */ = {isa = PBXBuildFile; fileRef = 3CC3B18421F7857100582D32 /* UserGroupCell.swift */; };
/* End PBXBuildFile section */

/* Begin PBXFileReference section */
		3CC3B16021F7303500582D32 /* vkClient.app */ = {isa = PBXFileReference; explicitFileType = wrapper.application; includeInIndex = 0; path = vkClient.app; sourceTree = BUILT_PRODUCTS_DIR; };
		3CC3B16321F7303500582D32 /* AppDelegate.swift */ = {isa = PBXFileReference; lastKnownFileType = sourcecode.swift; path = AppDelegate.swift; sourceTree = "<group>"; };
		3CC3B16821F7303500582D32 /* Base */ = {isa = PBXFileReference; lastKnownFileType = file.storyboard; name = Base; path = Base.lproj/Main.storyboard; sourceTree = "<group>"; };
		3CC3B16A21F7303600582D32 /* Assets.xcassets */ = {isa = PBXFileReference; lastKnownFileType = folder.assetcatalog; path = Assets.xcassets; sourceTree = "<group>"; };
		3CC3B16D21F7303600582D32 /* Base */ = {isa = PBXFileReference; lastKnownFileType = file.storyboard; name = Base; path = Base.lproj/LaunchScreen.storyboard; sourceTree = "<group>"; };
		3CC3B16F21F7303600582D32 /* Info.plist */ = {isa = PBXFileReference; lastKnownFileType = text.plist.xml; path = Info.plist; sourceTree = "<group>"; };
		3CC3B17521F7327500582D32 /* LogiinViewController.swift */ = {isa = PBXFileReference; lastKnownFileType = sourcecode.swift; path = LogiinViewController.swift; sourceTree = "<group>"; };
		3CC3B17821F74DF200582D32 /* FriendsViewController.swift */ = {isa = PBXFileReference; lastKnownFileType = sourcecode.swift; path = FriendsViewController.swift; sourceTree = "<group>"; };
		3CC3B17A21F74E0C00582D32 /* FriendsCell.swift */ = {isa = PBXFileReference; lastKnownFileType = sourcecode.swift; path = FriendsCell.swift; sourceTree = "<group>"; };
		3CC3B17D21F781BE00582D32 /* FriendsPhotosViewController.swift */ = {isa = PBXFileReference; lastKnownFileType = sourcecode.swift; path = FriendsPhotosViewController.swift; sourceTree = "<group>"; };
		3CC3B17F21F781D800582D32 /* FriendsPhotoCell.swift */ = {isa = PBXFileReference; lastKnownFileType = sourcecode.swift; path = FriendsPhotoCell.swift; sourceTree = "<group>"; };
		3CC3B18221F7854E00582D32 /* UserGroupsViewController.swift */ = {isa = PBXFileReference; lastKnownFileType = sourcecode.swift; path = UserGroupsViewController.swift; sourceTree = "<group>"; };
		3CC3B18421F7857100582D32 /* UserGroupCell.swift */ = {isa = PBXFileReference; lastKnownFileType = sourcecode.swift; path = UserGroupCell.swift; sourceTree = "<group>"; };
/* End PBXFileReference section */

/* Begin PBXFrameworksBuildPhase section */
		3CC3B15D21F7303500582D32 /* Frameworks */ = {
			isa = PBXFrameworksBuildPhase;
			buildActionMask = 2147483647;
			files = (
			);
			runOnlyForDeploymentPostprocessing = 0;
		};
/* End PBXFrameworksBuildPhase section */

/* Begin PBXGroup section */
		3CC3B15721F7303500582D32 = {
			isa = PBXGroup;
			children = (
				3CC3B16221F7303500582D32 /* vkClient */,
				3CC3B16121F7303500582D32 /* Products */,
			);
			sourceTree = "<group>";
		};
		3CC3B16121F7303500582D32 /* Products */ = {
			isa = PBXGroup;
			children = (
				3CC3B16021F7303500582D32 /* vkClient.app */,
			);
			name = Products;
			sourceTree = "<group>";
		};
		3CC3B16221F7303500582D32 /* vkClient */ = {
			isa = PBXGroup;
			children = (
				3CC3B18921F78E4700582D32 /* App */,
				3CC3B18821F78E3E00582D32 /* Core */,
				3CC3B18721F78E2700582D32 /* Resources */,
				3CC3B18621F78E0E00582D32 /* Enviroments */,
			);
			path = vkClient;
			sourceTree = "<group>";
		};
		3CC3B17721F74DA900582D32 /* FriendsController */ = {
			isa = PBXGroup;
			children = (
				3CC3B17821F74DF200582D32 /* FriendsViewController.swift */,
				3CC3B17A21F74E0C00582D32 /* FriendsCell.swift */,
			);
			path = FriendsController;
			sourceTree = "<group>";
		};
		3CC3B17C21F7819100582D32 /* FriendsPhotoController */ = {
			isa = PBXGroup;
			children = (
				3CC3B17D21F781BE00582D32 /* FriendsPhotosViewController.swift */,
				3CC3B17F21F781D800582D32 /* FriendsPhotoCell.swift */,
			);
			path = FriendsPhotoController;
			sourceTree = "<group>";
		};
		3CC3B18121F7850D00582D32 /* UserGroupController */ = {
			isa = PBXGroup;
			children = (
				3CC3B18221F7854E00582D32 /* UserGroupsViewController.swift */,
				3CC3B18421F7857100582D32 /* UserGroupCell.swift */,
			);
			path = UserGroupController;
			sourceTree = "<group>";
		};
		3CC3B18621F78E0E00582D32 /* Enviroments */ = {
			isa = PBXGroup;
			children = (
				3CC3B16F21F7303600582D32 /* Info.plist */,
			);
			path = Enviroments;
			sourceTree = "<group>";
		};
		3CC3B18721F78E2700582D32 /* Resources */ = {
			isa = PBXGroup;
			children = (
				3CC3B16A21F7303600582D32 /* Assets.xcassets */,
				3CC3B18F21F78EA000582D32 /* Storyboards */,
			);
			path = Resources;
			sourceTree = "<group>";
		};
		3CC3B18821F78E3E00582D32 /* Core */ = {
			isa = PBXGroup;
			children = (
				3CC3B18E21F78E8F00582D32 /* Network */,
			);
			path = Core;
			sourceTree = "<group>";
		};
		3CC3B18921F78E4700582D32 /* App */ = {
			isa = PBXGroup;
			children = (
				3CC3B18D21F78E7A00582D32 /* Assembly */,
				3CC3B18C21F78E7000582D32 /* Entity */,
				3CC3B18B21F78E5F00582D32 /* BussinessLogic */,
				3CC3B18A21F78E5300582D32 /* Flows */,
			);
			path = App;
			sourceTree = "<group>";
		};
		3CC3B18A21F78E5300582D32 /* Flows */ = {
			isa = PBXGroup;
			children = (
				3CC3B19121F78ED900582D32 /* UIControllers */,
			);
			path = Flows;
			sourceTree = "<group>";
		};
		3CC3B18B21F78E5F00582D32 /* BussinessLogic */ = {
			isa = PBXGroup;
			children = (
				3CC3B19421F78F2A00582D32 /* AppDelegate */,
				3CC3B19321F78F1A00582D32 /* Network */,
			);
			path = BussinessLogic;
			sourceTree = "<group>";
		};
		3CC3B18C21F78E7000582D32 /* Entity */ = {
			isa = PBXGroup;
			children = (
			);
			path = Entity;
			sourceTree = "<group>";
		};
		3CC3B18D21F78E7A00582D32 /* Assembly */ = {
			isa = PBXGroup;
			children = (
			);
			path = Assembly;
			sourceTree = "<group>";
		};
		3CC3B18E21F78E8F00582D32 /* Network */ = {
			isa = PBXGroup;
			children = (
			);
			path = Network;
			sourceTree = "<group>";
		};
		3CC3B18F21F78EA000582D32 /* Storyboards */ = {
			isa = PBXGroup;
			children = (
				3CC3B16C21F7303600582D32 /* LaunchScreen.storyboard */,
				3CC3B16721F7303500582D32 /* Main.storyboard */,
			);
			path = Storyboards;
			sourceTree = "<group>";
		};
		3CC3B19121F78ED900582D32 /* UIControllers */ = {
			isa = PBXGroup;
			children = (
				3CC3B17521F7327500582D32 /* LogiinViewController.swift */,
				3CC3B18121F7850D00582D32 /* UserGroupController */,
				3CC3B17C21F7819100582D32 /* FriendsPhotoController */,
				3CC3B17721F74DA900582D32 /* FriendsController */,
			);
			path = UIControllers;
			sourceTree = "<group>";
		};
		3CC3B19321F78F1A00582D32 /* Network */ = {
			isa = PBXGroup;
			children = (
			);
			path = Network;
			sourceTree = "<group>";
		};
		3CC3B19421F78F2A00582D32 /* AppDelegate */ = {
			isa = PBXGroup;
			children = (
				3CC3B16321F7303500582D32 /* AppDelegate.swift */,
			);
			path = AppDelegate;
			sourceTree = "<group>";
		};
/* End PBXGroup section */

/* Begin PBXNativeTarget section */
		3CC3B15F21F7303500582D32 /* vkClient */ = {
			isa = PBXNativeTarget;
			buildConfigurationList = 3CC3B17221F7303600582D32 /* Build configuration list for PBXNativeTarget "vkClient" */;
			buildPhases = (
				3CC3B15C21F7303500582D32 /* Sources */,
				3CC3B15D21F7303500582D32 /* Frameworks */,
				3CC3B15E21F7303500582D32 /* Resources */,
			);
			buildRules = (
			);
			dependencies = (
			);
			name = vkClient;
			productName = vkClient;
			productReference = 3CC3B16021F7303500582D32 /* vkClient.app */;
			productType = "com.apple.product-type.application";
		};
/* End PBXNativeTarget section */

/* Begin PBXProject section */
		3CC3B15821F7303500582D32 /* Project object */ = {
			isa = PBXProject;
			attributes = {
				LastSwiftUpdateCheck = 1010;
				LastUpgradeCheck = 1010;
				ORGANIZATIONNAME = "Artem Chursin";
				TargetAttributes = {
					3CC3B15F21F7303500582D32 = {
						CreatedOnToolsVersion = 10.1;
					};
				};
			};
			buildConfigurationList = 3CC3B15B21F7303500582D32 /* Build configuration list for PBXProject "vkClient" */;
			compatibilityVersion = "Xcode 9.3";
			developmentRegion = en;
			hasScannedForEncodings = 0;
			knownRegions = (
				en,
				Base,
			);
			mainGroup = 3CC3B15721F7303500582D32;
			productRefGroup = 3CC3B16121F7303500582D32 /* Products */;
			projectDirPath = "";
			projectRoot = "";
			targets = (
				3CC3B15F21F7303500582D32 /* vkClient */,
			);
		};
/* End PBXProject section */

/* Begin PBXResourcesBuildPhase section */
		3CC3B15E21F7303500582D32 /* Resources */ = {
			isa = PBXResourcesBuildPhase;
			buildActionMask = 2147483647;
			files = (
				3CC3B16E21F7303600582D32 /* LaunchScreen.storyboard in Resources */,
				3CC3B16B21F7303600582D32 /* Assets.xcassets in Resources */,
				3CC3B16921F7303500582D32 /* Main.storyboard in Resources */,
			);
			runOnlyForDeploymentPostprocessing = 0;
		};
/* End PBXResourcesBuildPhase section */

/* Begin PBXSourcesBuildPhase section */
		3CC3B15C21F7303500582D32 /* Sources */ = {
			isa = PBXSourcesBuildPhase;
			buildActionMask = 2147483647;
			files = (
				3CC3B17621F7327500582D32 /* LogiinViewController.swift in Sources */,
				3CC3B17921F74DF200582D32 /* FriendsViewController.swift in Sources */,
				3CC3B18521F7857100582D32 /* UserGroupCell.swift in Sources */,
				3CC3B18021F781D800582D32 /* FriendsPhotoCell.swift in Sources */,
				3CC3B18321F7854E00582D32 /* UserGroupsViewController.swift in Sources */,
				3CC3B17E21F781BE00582D32 /* FriendsPhotosViewController.swift in Sources */,
				3CC3B16421F7303500582D32 /* AppDelegate.swift in Sources */,
				3CC3B17B21F74E0C00582D32 /* FriendsCell.swift in Sources */,
			);
			runOnlyForDeploymentPostprocessing = 0;
		};
/* End PBXSourcesBuildPhase section */

/* Begin PBXVariantGroup section */
		3CC3B16721F7303500582D32 /* Main.storyboard */ = {
			isa = PBXVariantGroup;
			children = (
				3CC3B16821F7303500582D32 /* Base */,
			);
			name = Main.storyboard;
			sourceTree = "<group>";
		};
		3CC3B16C21F7303600582D32 /* LaunchScreen.storyboard */ = {
			isa = PBXVariantGroup;
			children = (
				3CC3B16D21F7303600582D32 /* Base */,
			);
			name = LaunchScreen.storyboard;
			sourceTree = "<group>";
		};
/* End PBXVariantGroup section */

/* Begin XCBuildConfiguration section */
		3CC3B17021F7303600582D32 /* Debug */ = {
			isa = XCBuildConfiguration;
			buildSettings = {
				ALWAYS_SEARCH_USER_PATHS = NO;
				CLANG_ANALYZER_NONNULL = YES;
				CLANG_ANALYZER_NUMBER_OBJECT_CONVERSION = YES_AGGRESSIVE;
				CLANG_CXX_LANGUAGE_STANDARD = "gnu++14";
				CLANG_CXX_LIBRARY = "libc++";
				CLANG_ENABLE_MODULES = YES;
				CLANG_ENABLE_OBJC_ARC = YES;
				CLANG_ENABLE_OBJC_WEAK = YES;
				CLANG_WARN_BLOCK_CAPTURE_AUTORELEASING = YES;
				CLANG_WARN_BOOL_CONVERSION = YES;
				CLANG_WARN_COMMA = YES;
				CLANG_WARN_CONSTANT_CONVERSION = YES;
				CLANG_WARN_DEPRECATED_OBJC_IMPLEMENTATIONS = YES;
				CLANG_WARN_DIRECT_OBJC_ISA_USAGE = YES_ERROR;
				CLANG_WARN_DOCUMENTATION_COMMENTS = YES;
				CLANG_WARN_EMPTY_BODY = YES;
				CLANG_WARN_ENUM_CONVERSION = YES;
				CLANG_WARN_INFINITE_RECURSION = YES;
				CLANG_WARN_INT_CONVERSION = YES;
				CLANG_WARN_NON_LITERAL_NULL_CONVERSION = YES;
				CLANG_WARN_OBJC_IMPLICIT_RETAIN_SELF = YES;
				CLANG_WARN_OBJC_LITERAL_CONVERSION = YES;
				CLANG_WARN_OBJC_ROOT_CLASS = YES_ERROR;
				CLANG_WARN_RANGE_LOOP_ANALYSIS = YES;
				CLANG_WARN_STRICT_PROTOTYPES = YES;
				CLANG_WARN_SUSPICIOUS_MOVE = YES;
				CLANG_WARN_UNGUARDED_AVAILABILITY = YES_AGGRESSIVE;
				CLANG_WARN_UNREACHABLE_CODE = YES;
				CLANG_WARN__DUPLICATE_METHOD_MATCH = YES;
				CODE_SIGN_IDENTITY = "iPhone Developer";
				COPY_PHASE_STRIP = NO;
				DEBUG_INFORMATION_FORMAT = dwarf;
				ENABLE_STRICT_OBJC_MSGSEND = YES;
				ENABLE_TESTABILITY = YES;
				GCC_C_LANGUAGE_STANDARD = gnu11;
				GCC_DYNAMIC_NO_PIC = NO;
				GCC_NO_COMMON_BLOCKS = YES;
				GCC_OPTIMIZATION_LEVEL = 0;
				GCC_PREPROCESSOR_DEFINITIONS = (
					"DEBUG=1",
					"$(inherited)",
				);
				GCC_WARN_64_TO_32_BIT_CONVERSION = YES;
				GCC_WARN_ABOUT_RETURN_TYPE = YES_ERROR;
				GCC_WARN_UNDECLARED_SELECTOR = YES;
				GCC_WARN_UNINITIALIZED_AUTOS = YES_AGGRESSIVE;
				GCC_WARN_UNUSED_FUNCTION = YES;
				GCC_WARN_UNUSED_VARIABLE = YES;
				IPHONEOS_DEPLOYMENT_TARGET = 12.1;
				MTL_ENABLE_DEBUG_INFO = INCLUDE_SOURCE;
				MTL_FAST_MATH = YES;
				ONLY_ACTIVE_ARCH = YES;
				SDKROOT = iphoneos;
				SWIFT_ACTIVE_COMPILATION_CONDITIONS = DEBUG;
				SWIFT_OPTIMIZATION_LEVEL = "-Onone";
			};
			name = Debug;
		};
		3CC3B17121F7303600582D32 /* Release */ = {
			isa = XCBuildConfiguration;
			buildSettings = {
				ALWAYS_SEARCH_USER_PATHS = NO;
				CLANG_ANALYZER_NONNULL = YES;
				CLANG_ANALYZER_NUMBER_OBJECT_CONVERSION = YES_AGGRESSIVE;
				CLANG_CXX_LANGUAGE_STANDARD = "gnu++14";
				CLANG_CXX_LIBRARY = "libc++";
				CLANG_ENABLE_MODULES = YES;
				CLANG_ENABLE_OBJC_ARC = YES;
				CLANG_ENABLE_OBJC_WEAK = YES;
				CLANG_WARN_BLOCK_CAPTURE_AUTORELEASING = YES;
				CLANG_WARN_BOOL_CONVERSION = YES;
				CLANG_WARN_COMMA = YES;
				CLANG_WARN_CONSTANT_CONVERSION = YES;
				CLANG_WARN_DEPRECATED_OBJC_IMPLEMENTATIONS = YES;
				CLANG_WARN_DIRECT_OBJC_ISA_USAGE = YES_ERROR;
				CLANG_WARN_DOCUMENTATION_COMMENTS = YES;
				CLANG_WARN_EMPTY_BODY = YES;
				CLANG_WARN_ENUM_CONVERSION = YES;
				CLANG_WARN_INFINITE_RECURSION = YES;
				CLANG_WARN_INT_CONVERSION = YES;
				CLANG_WARN_NON_LITERAL_NULL_CONVERSION = YES;
				CLANG_WARN_OBJC_IMPLICIT_RETAIN_SELF = YES;
				CLANG_WARN_OBJC_LITERAL_CONVERSION = YES;
				CLANG_WARN_OBJC_ROOT_CLASS = YES_ERROR;
				CLANG_WARN_RANGE_LOOP_ANALYSIS = YES;
				CLANG_WARN_STRICT_PROTOTYPES = YES;
				CLANG_WARN_SUSPICIOUS_MOVE = YES;
				CLANG_WARN_UNGUARDED_AVAILABILITY = YES_AGGRESSIVE;
				CLANG_WARN_UNREACHABLE_CODE = YES;
				CLANG_WARN__DUPLICATE_METHOD_MATCH = YES;
				CODE_SIGN_IDENTITY = "iPhone Developer";
				COPY_PHASE_STRIP = NO;
				DEBUG_INFORMATION_FORMAT = "dwarf-with-dsym";
				ENABLE_NS_ASSERTIONS = NO;
				ENABLE_STRICT_OBJC_MSGSEND = YES;
				GCC_C_LANGUAGE_STANDARD = gnu11;
				GCC_NO_COMMON_BLOCKS = YES;
				GCC_WARN_64_TO_32_BIT_CONVERSION = YES;
				GCC_WARN_ABOUT_RETURN_TYPE = YES_ERROR;
				GCC_WARN_UNDECLARED_SELECTOR = YES;
				GCC_WARN_UNINITIALIZED_AUTOS = YES_AGGRESSIVE;
				GCC_WARN_UNUSED_FUNCTION = YES;
				GCC_WARN_UNUSED_VARIABLE = YES;
				IPHONEOS_DEPLOYMENT_TARGET = 12.1;
				MTL_ENABLE_DEBUG_INFO = NO;
				MTL_FAST_MATH = YES;
				SDKROOT = iphoneos;
				SWIFT_COMPILATION_MODE = wholemodule;
				SWIFT_OPTIMIZATION_LEVEL = "-O";
				VALIDATE_PRODUCT = YES;
			};
			name = Release;
		};
		3CC3B17321F7303600582D32 /* Debug */ = {
			isa = XCBuildConfiguration;
			buildSettings = {
				ASSETCATALOG_COMPILER_APPICON_NAME = AppIcon;
				CODE_SIGN_STYLE = Automatic;
				DEVELOPMENT_TEAM = FZ6BY5499Q;
				INFOPLIST_FILE = "$(SRCROOT)/vkClient/Enviroments/Info.plist";
				LD_RUNPATH_SEARCH_PATHS = (
					"$(inherited)",
					"@executable_path/Frameworks",
				);
				PRODUCT_BUNDLE_IDENTIFIER = "Artem-Chursin.vkClient";
				PRODUCT_NAME = "$(TARGET_NAME)";
				SWIFT_VERSION = 4.2;
				TARGETED_DEVICE_FAMILY = 1;
			};
			name = Debug;
		};
		3CC3B17421F7303600582D32 /* Release */ = {
			isa = XCBuildConfiguration;
			buildSettings = {
				ASSETCATALOG_COMPILER_APPICON_NAME = AppIcon;
				CODE_SIGN_STYLE = Automatic;
				DEVELOPMENT_TEAM = FZ6BY5499Q;
				INFOPLIST_FILE = "$(SRCROOT)/vkClient/Enviroments/Info.plist";
				LD_RUNPATH_SEARCH_PATHS = (
					"$(inherited)",
					"@executable_path/Frameworks",
				);
				PRODUCT_BUNDLE_IDENTIFIER = "Artem-Chursin.vkClient";
				PRODUCT_NAME = "$(TARGET_NAME)";
				SWIFT_VERSION = 4.2;
				TARGETED_DEVICE_FAMILY = 1;
			};
			name = Release;
		};
/* End XCBuildConfiguration section */

/* Begin XCConfigurationList section */
		3CC3B15B21F7303500582D32 /* Build configuration list for PBXProject "vkClient" */ = {
			isa = XCConfigurationList;
			buildConfigurations = (
				3CC3B17021F7303600582D32 /* Debug */,
				3CC3B17121F7303600582D32 /* Release */,
			);
			defaultConfigurationIsVisible = 0;
			defaultConfigurationName = Release;
		};
		3CC3B17221F7303600582D32 /* Build configuration list for PBXNativeTarget "vkClient" */ = {
			isa = XCConfigurationList;
			buildConfigurations = (
				3CC3B17321F7303600582D32 /* Debug */,
				3CC3B17421F7303600582D32 /* Release */,
			);
			defaultConfigurationIsVisible = 0;
			defaultConfigurationName = Release;
		};
/* End XCConfigurationList section */
	};
	rootObject = 3CC3B15821F7303500582D32 /* Project object */;
}
